{
    "_meta": {
        "hash": {
            "sha256": "d4e1c8f14ec59897ed53efd10fcf0b6c94f45e23c1022947cfceacccaec44045"
        },
        "host-environment-markers": {
            "implementation_name": "cpython",
            "implementation_version": "3.6.1",
            "os_name": "posix",
            "platform_machine": "x86_64",
            "platform_python_implementation": "CPython",
            "platform_release": "4.10.0-40-generic",
            "platform_system": "Linux",
            "platform_version": "#44-Ubuntu SMP Thu Nov 9 14:49:09 UTC 2017",
            "python_full_version": "3.6.1",
            "python_version": "3.6",
            "sys_platform": "linux"
        },
        "pipfile-spec": 6,
        "requires": {
            "python_version": "3.6"
        },
        "sources": [
            {
                "name": "pypi",
                "url": "https://pypi.python.org/simple",
                "verify_ssl": true
            }
        ]
    },
    "default": {
        "lambda-decorators": {
            "hashes": [
                "sha256:0b4e7096c0ea1e9f1dc56349424cf07581a19e045a9d454c45f9a6baa815c1b2",
                "sha256:e464b92871d38862da0d2bc741ce23b7d0afb214ea5d09c393600549b140c078"
            ],
            "version": "==0.1b1"
        }
    },
    "develop": {}
}
